<?xml version="1.0" encoding="utf-8"?>
<Project ToolsVersion="4.0" xmlns="http://schemas.microsoft.com/developer/msbuild/2003">
  <ItemGroup>
    <Filter Include="05.자원 파일">
      <UniqueIdentifier>{67DA6AB6-F800-4c08-8B7A-83BB121AAD01}</UniqueIdentifier>
      <Extensions>rc;ico;cur;bmp;dlg;rc2;rct;bin;rgs;gif;jpg;jpeg;jpe;resx;tiff;tif;png;wav;mfcribbon-ms</Extensions>
    </Filter>
    <Filter Include="01.기본 파일">
      <UniqueIdentifier>{4FC737F1-C7A5-4376-A066-2A32D752A2FF}</UniqueIdentifier>
      <Extensions>cpp;c;cc;cxx;c++;cppm;ixx;def;odl;idl;hpj;bat;asm;asmx</Extensions>
    </Filter>
    <Filter Include="02.메인 파일">
      <UniqueIdentifier>{93995380-89BD-4b04-88EB-625FBE52EBFB}</UniqueIdentifier>
      <Extensions>h;hh;hpp;hxx;h++;hm;inl;inc;ipp;xsd</Extensions>
    </Filter>
    <Filter Include="03.개발 파일">
      <UniqueIdentifier>{da056803-4229-4fd8-95c4-954b27aba3d1}</UniqueIdentifier>
    </Filter>
    <Filter Include="04.외부 파일">
      <UniqueIdentifier>{8e7d960a-f665-4e12-ab45-bd0e3a1cb920}</UniqueIdentifier>
    </Filter>
    <Filter Include="04.외부 파일\comn">
      <UniqueIdentifier>{9ca6161d-33af-4129-8f18-9a2fabddfd18}</UniqueIdentifier>
    </Filter>
    <Filter Include="04.외부 파일\grid">
      <UniqueIdentifier>{297c7524-5236-4ef7-aa0d-384a62669d66}</UniqueIdentifier>
    </Filter>
    <Filter Include="03.개발 파일\Meas">
      <UniqueIdentifier>{f6a075b8-3938-4383-86f2-28a877ba7da1}</UniqueIdentifier>
    </Filter>
    <Filter Include="03.개발 파일\Menu">
      <UniqueIdentifier>{364b45bf-2bc5-44b1-8345-6cbcd2acee49}</UniqueIdentifier>
    </Filter>
    <Filter Include="04.외부 파일\Base">
      <UniqueIdentifier>{cb86415d-2f72-4f1f-93ed-266bebb70cf0}</UniqueIdentifier>
    </Filter>
  </ItemGroup>
  <ItemGroup>
    <ClInclude Include="DlgMain.h">
      <Filter>02.메인 파일</Filter>
    </ClInclude>
    <ClInclude Include="framework.h">
      <Filter>01.기본 파일</Filter>
    </ClInclude>
    <ClInclude Include="pch.h">
      <Filter>01.기본 파일</Filter>
    </ClInclude>
    <ClInclude Include="Resource.h">
      <Filter>01.기본 파일</Filter>
    </ClInclude>
    <ClInclude Include="targetver.h">
      <Filter>01.기본 파일</Filter>
    </ClInclude>
    <ClInclude Include="MainApp.h">
      <Filter>01.기본 파일</Filter>
    </ClInclude>
    <ClInclude Include="..\..\inc\comn\CpuUsage.h">
      <Filter>04.외부 파일\comn</Filter>
    </ClInclude>
    <ClInclude Include="..\..\inc\comn\MacButton.h">
      <Filter>04.외부 파일\comn</Filter>
    </ClInclude>
    <ClInclude Include="..\..\inc\comn\MacProgress.h">
      <Filter>04.외부 파일\comn</Filter>
    </ClInclude>
    <ClInclude Include="..\..\inc\comn\MyCombo.h">
      <Filter>04.외부 파일\comn</Filter>
    </ClInclude>
    <ClInclude Include="..\..\inc\comn\MyDialog.h">
      <Filter>04.외부 파일\comn</Filter>
    </ClInclude>
    <ClInclude Include="..\..\inc\comn\MyEdit.h">
      <Filter>04.외부 파일\comn</Filter>
    </ClInclude>
    <ClInclude Include="..\..\inc\comn\MyGrpBox.h">
      <Filter>04.외부 파일\comn</Filter>
    </ClInclude>
    <ClInclude Include="..\..\inc\comn\MyListBox.h">
      <Filter>04.외부 파일\comn</Filter>
    </ClInclude>
    <ClInclude Include="..\..\inc\comn\MyRich.h">
      <Filter>04.외부 파일\comn</Filter>
    </ClInclude>
    <ClInclude Include="..\..\inc\comn\MyStatic.h">
      <Filter>04.외부 파일\comn</Filter>
    </ClInclude>
    <ClInclude Include="..\..\inc\comn\MyTabCtrl.h">
      <Filter>04.외부 파일\comn</Filter>
    </ClInclude>
    <ClInclude Include="..\..\inc\comn\Picture.h">
      <Filter>04.외부 파일\comn</Filter>
    </ClInclude>
    <ClInclude Include="..\..\inc\comn\ThinThread.h">
      <Filter>04.외부 파일\comn</Filter>
    </ClInclude>
    <ClInclude Include="..\..\inc\comn\UniToChar.h">
      <Filter>04.외부 파일\comn</Filter>
    </ClInclude>
    <ClInclude Include="..\..\inc\grid\CellRange.h">
      <Filter>04.외부 파일\grid</Filter>
    </ClInclude>
    <ClInclude Include="..\..\inc\grid\GridCell.h">
      <Filter>04.외부 파일\grid</Filter>
    </ClInclude>
    <ClInclude Include="..\..\inc\grid\GridCellBase.h">
      <Filter>04.외부 파일\grid</Filter>
    </ClInclude>
    <ClInclude Include="..\..\inc\grid\GridCellCheck.h">
      <Filter>04.외부 파일\grid</Filter>
    </ClInclude>
    <ClInclude Include="..\..\inc\grid\GridCellCombo.h">
      <Filter>04.외부 파일\grid</Filter>
    </ClInclude>
    <ClInclude Include="..\..\inc\grid\GridCellDateTime.h">
      <Filter>04.외부 파일\grid</Filter>
    </ClInclude>
    <ClInclude Include="..\..\inc\grid\GridCellNumeric.h">
      <Filter>04.외부 파일\grid</Filter>
    </ClInclude>
    <ClInclude Include="..\..\inc\grid\GridCtrl.h">
      <Filter>04.외부 파일\grid</Filter>
    </ClInclude>
    <ClInclude Include="..\..\inc\grid\GridDropTarget.h">
      <Filter>04.외부 파일\grid</Filter>
    </ClInclude>
    <ClInclude Include="..\..\inc\grid\GridURLCell.h">
      <Filter>04.외부 파일\grid</Filter>
    </ClInclude>
    <ClInclude Include="..\..\inc\grid\InPlaceEdit.h">
      <Filter>04.외부 파일\grid</Filter>
    </ClInclude>
    <ClInclude Include="..\..\inc\grid\MemDC.h">
      <Filter>04.외부 파일\grid</Filter>
    </ClInclude>
    <ClInclude Include="..\..\inc\grid\TitleTip.h">
      <Filter>04.외부 파일\grid</Filter>
    </ClInclude>
    <ClInclude Include="..\..\inc\base\DlgChild.h">
      <Filter>04.외부 파일\Base</Filter>
    </ClInclude>
    <ClInclude Include="Meas\Measure.h">
      <Filter>03.개발 파일\Meas</Filter>
    </ClInclude>
    <ClInclude Include="Menu\DlgEdge.h">
      <Filter>03.개발 파일\Menu</Filter>
    </ClInclude>
    <ClInclude Include="Menu\DlgExpo.h">
      <Filter>03.개발 파일\Menu</Filter>
    </ClInclude>
    <ClInclude Include="Menu\DlgFind.h">
      <Filter>03.개발 파일\Menu</Filter>
    </ClInclude>
    <ClInclude Include="Menu\DlgHist.h">
      <Filter>03.개발 파일\Menu</Filter>
    </ClInclude>
    <ClInclude Include="Menu\DlgLive.h">
      <Filter>03.개발 파일\Menu</Filter>
    </ClInclude>
    <ClInclude Include="Menu\DlgMenu.h">
      <Filter>03.개발 파일\Menu</Filter>
    </ClInclude>
    <ClInclude Include="MainThread.h">
      <Filter>02.메인 파일</Filter>
    </ClInclude>
  </ItemGroup>
  <ItemGroup>
    <ClCompile Include="pch.cpp">
      <Filter>01.기본 파일</Filter>
    </ClCompile>
    <ClCompile Include="DlgMain.cpp">
      <Filter>02.메인 파일</Filter>
    </ClCompile>
    <ClCompile Include="MainApp.cpp">
      <Filter>01.기본 파일</Filter>
    </ClCompile>
    <ClCompile Include="..\..\inc\comn\CpuUsage.cpp">
      <Filter>04.외부 파일\comn</Filter>
    </ClCompile>
    <ClCompile Include="..\..\inc\comn\MacButton.cpp">
      <Filter>04.외부 파일\comn</Filter>
    </ClCompile>
    <ClCompile Include="..\..\inc\comn\MacProgress.cpp">
      <Filter>04.외부 파일\comn</Filter>
    </ClCompile>
    <ClCompile Include="..\..\inc\comn\MyCombo.cpp">
      <Filter>04.외부 파일\comn</Filter>
    </ClCompile>
    <ClCompile Include="..\..\inc\comn\MyDialog.cpp">
      <Filter>04.외부 파일\comn</Filter>
    </ClCompile>
    <ClCompile Include="..\..\inc\comn\MyEdit.cpp">
      <Filter>04.외부 파일\comn</Filter>
    </ClCompile>
    <ClCompile Include="..\..\inc\comn\MyGrpBox.cpp">
      <Filter>04.외부 파일\comn</Filter>
    </ClCompile>
    <ClCompile Include="..\..\inc\comn\MyListBox.cpp">
      <Filter>04.외부 파일\comn</Filter>
    </ClCompile>
    <ClCompile Include="..\..\inc\comn\MyRich.cpp">
      <Filter>04.외부 파일\comn</Filter>
    </ClCompile>
    <ClCompile Include="..\..\inc\comn\MyStatic.cpp">
      <Filter>04.외부 파일\comn</Filter>
    </ClCompile>
    <ClCompile Include="..\..\inc\comn\MyTabCtrl.cpp">
      <Filter>04.외부 파일\comn</Filter>
    </ClCompile>
    <ClCompile Include="..\..\inc\comn\Picture.cpp">
      <Filter>04.외부 파일\comn</Filter>
    </ClCompile>
    <ClCompile Include="..\..\inc\comn\ThinThread.cpp">
      <Filter>04.외부 파일\comn</Filter>
    </ClCompile>
    <ClCompile Include="..\..\inc\comn\UniToChar.cpp">
      <Filter>04.외부 파일\comn</Filter>
    </ClCompile>
    <ClCompile Include="..\..\inc\grid\GridCell.cpp">
      <Filter>04.외부 파일\grid</Filter>
    </ClCompile>
    <ClCompile Include="..\..\inc\grid\GridCellBase.cpp">
      <Filter>04.외부 파일\grid</Filter>
    </ClCompile>
    <ClCompile Include="..\..\inc\grid\GridCellCheck.cpp">
      <Filter>04.외부 파일\grid</Filter>
    </ClCompile>
    <ClCompile Include="..\..\inc\grid\GridCellCombo.cpp">
      <Filter>04.외부 파일\grid</Filter>
    </ClCompile>
    <ClCompile Include="..\..\inc\grid\GridCellDateTime.cpp">
      <Filter>04.외부 파일\grid</Filter>
    </ClCompile>
    <ClCompile Include="..\..\inc\grid\GridCellNumeric.cpp">
      <Filter>04.외부 파일\grid</Filter>
    </ClCompile>
    <ClCompile Include="..\..\inc\grid\GridCtrl.cpp">
      <Filter>04.외부 파일\grid</Filter>
    </ClCompile>
    <ClCompile Include="..\..\inc\grid\GridDropTarget.cpp">
      <Filter>04.외부 파일\grid</Filter>
    </ClCompile>
    <ClCompile Include="..\..\inc\grid\GridURLCell.cpp">
      <Filter>04.외부 파일\grid</Filter>
    </ClCompile>
    <ClCompile Include="..\..\inc\grid\InPlaceEdit.cpp">
      <Filter>04.외부 파일\grid</Filter>
    </ClCompile>
    <ClCompile Include="..\..\inc\grid\TitleTip.cpp">
      <Filter>04.외부 파일\grid</Filter>
    </ClCompile>
    <ClCompile Include="..\..\inc\base\DlgChild.cpp">
      <Filter>04.외부 파일\Base</Filter>
    </ClCompile>
    <ClCompile Include="Meas\Measure.cpp">
      <Filter>03.개발 파일\Meas</Filter>
    </ClCompile>
    <ClCompile Include="Menu\DlgEdge.cpp">
      <Filter>03.개발 파일\Menu</Filter>
    </ClCompile>
    <ClCompile Include="Menu\DlgExpo.cpp">
      <Filter>03.개발 파일\Menu</Filter>
    </ClCompile>
    <ClCompile Include="Menu\DlgFind.cpp">
      <Filter>03.개발 파일\Menu</Filter>
    </ClCompile>
    <ClCompile Include="Menu\DlgHist.cpp">
      <Filter>03.개발 파일\Menu</Filter>
    </ClCompile>
    <ClCompile Include="Menu\DlgLive.cpp">
      <Filter>03.개발 파일\Menu</Filter>
    </ClCompile>
    <ClCompile Include="Menu\DlgMenu.cpp">
      <Filter>03.개발 파일\Menu</Filter>
    </ClCompile>
    <ClCompile Include="MainThread.cpp">
      <Filter>02.메인 파일</Filter>
    </ClCompile>
  </ItemGroup>
  <ItemGroup>
    <ResourceCompile Include="VFocusACam.rc">
      <Filter>05.자원 파일</Filter>
    </ResourceCompile>
  </ItemGroup>
  <ItemGroup>
    <None Include="res\VFocusACam.rc2">
      <Filter>05.자원 파일</Filter>
    </None>
  </ItemGroup>
  <ItemGroup>
    <Image Include="res\VFocusACam.ico">
      <Filter>05.자원 파일</Filter>
    </Image>
  </ItemGroup>
</Project>