<?xml version="1.0" encoding="utf-8"?>
<Project ToolsVersion="4.0" xmlns="http://schemas.microsoft.com/developer/msbuild/2003">
  <ItemGroup>
    <Filter Include="내부 파일">
      <UniqueIdentifier>{4FC737F1-C7A5-4376-A066-2A32D752A2FF}</UniqueIdentifier>
      <Extensions>cpp;c;cc;cxx;c++;cppm;ixx;def;odl;idl;hpj;bat;asm;asmx</Extensions>
    </Filter>
    <Filter Include="외부 파일">
      <UniqueIdentifier>{93995380-89BD-4b04-88EB-625FBE52EBFB}</UniqueIdentifier>
      <Extensions>h;hh;hpp;hxx;h++;hm;inl;inc;ipp;xsd</Extensions>
    </Filter>
    <Filter Include="내부 파일\01.기본 파일">
      <UniqueIdentifier>{bc481386-46f4-427a-b382-4e22273535b4}</UniqueIdentifier>
    </Filter>
    <Filter Include="내부 파일\02.개발 파일">
      <UniqueIdentifier>{1b38abd7-2339-475f-b2ca-3e1466fcd29c}</UniqueIdentifier>
    </Filter>
    <Filter Include="외부 파일\comn">
      <UniqueIdentifier>{44550c19-2b72-41da-a550-084d9619c9e2}</UniqueIdentifier>
    </Filter>
    <Filter Include="자원 파일">
      <UniqueIdentifier>{67DA6AB6-F800-4c08-8B7A-83BB121AAD01}</UniqueIdentifier>
      <Extensions>rc;ico;cur;bmp;dlg;rc2;rct;bin;rgs;gif;jpg;jpeg;jpe;resx;tiff;tif;png;wav;mfcribbon-ms</Extensions>
    </Filter>
  </ItemGroup>
  <ItemGroup>
    <ClCompile Include="MainApp.cpp">
      <Filter>내부 파일\01.기본 파일</Filter>
    </ClCompile>
    <ClCompile Include="pch.cpp">
      <Filter>내부 파일\01.기본 파일</Filter>
    </ClCompile>
    <ClCompile Include="CamInst.cpp">
      <Filter>내부 파일\02.개발 파일</Filter>
    </ClCompile>
    <ClCompile Include="CamMain.cpp">
      <Filter>내부 파일\02.개발 파일</Filter>
    </ClCompile>
    <ClCompile Include="CamThread.cpp">
      <Filter>내부 파일\02.개발 파일</Filter>
    </ClCompile>
    <ClCompile Include="DrawMark.cpp">
      <Filter>내부 파일\02.개발 파일</Filter>
    </ClCompile>
    <ClCompile Include="ItfcBasler.cpp">
      <Filter>내부 파일</Filter>
    </ClCompile>
    <ClCompile Include="..\..\inc\comn\ThinThread.cpp">
      <Filter>외부 파일\comn</Filter>
    </ClCompile>
    <ClCompile Include="..\..\inc\comn\UniToChar.cpp">
      <Filter>외부 파일\comn</Filter>
    </ClCompile>
  </ItemGroup>
  <ItemGroup>
    <None Include="res\ItfcBasler.rc2">
      <Filter>자원 파일</Filter>
    </None>
  </ItemGroup>
  <ItemGroup>
    <ClInclude Include="MainApp.h">
      <Filter>내부 파일\01.기본 파일</Filter>
    </ClInclude>
    <ClInclude Include="framework.h">
      <Filter>내부 파일\01.기본 파일</Filter>
    </ClInclude>
    <ClInclude Include="pch.h">
      <Filter>내부 파일\01.기본 파일</Filter>
    </ClInclude>
    <ClInclude Include="Resource.h">
      <Filter>내부 파일\01.기본 파일</Filter>
    </ClInclude>
    <ClInclude Include="targetver.h">
      <Filter>내부 파일\01.기본 파일</Filter>
    </ClInclude>
    <ClInclude Include="CamInst.h">
      <Filter>내부 파일\02.개발 파일</Filter>
    </ClInclude>
    <ClInclude Include="CamMain.h">
      <Filter>내부 파일\02.개발 파일</Filter>
    </ClInclude>
    <ClInclude Include="CamThread.h">
      <Filter>내부 파일\02.개발 파일</Filter>
    </ClInclude>
    <ClInclude Include="DrawMark.h">
      <Filter>내부 파일\02.개발 파일</Filter>
    </ClInclude>
    <ClInclude Include="..\..\inc\comn\ThinThread.h">
      <Filter>외부 파일\comn</Filter>
    </ClInclude>
    <ClInclude Include="..\..\inc\comn\UniToChar.h">
      <Filter>외부 파일\comn</Filter>
    </ClInclude>
  </ItemGroup>
  <ItemGroup>
    <ResourceCompile Include="ItfcBasler.rc">
      <Filter>자원 파일</Filter>
    </ResourceCompile>
  </ItemGroup>
</Project>