<?xml version="1.0" encoding="utf-8"?>
<Project ToolsVersion="4.0" xmlns="http://schemas.microsoft.com/developer/msbuild/2003">
  <ItemGroup>
    <Filter Include="01.기본 파일">
      <UniqueIdentifier>{87be7a0b-2bcb-4781-87dc-9b5d604a7257}</UniqueIdentifier>
    </Filter>
    <Filter Include="02.메인 파일">
      <UniqueIdentifier>{8cd3f4e5-d104-4a4b-bd11-56794f432762}</UniqueIdentifier>
    </Filter>
    <Filter Include="03.개발 파일">
      <UniqueIdentifier>{329b6d21-9700-4dd8-9267-29c4a9f59a0d}</UniqueIdentifier>
    </Filter>
    <Filter Include="05.자원 파일">
      <UniqueIdentifier>{67DA6AB6-F800-4c08-8B7A-83BB121AAD01}</UniqueIdentifier>
      <Extensions>rc;ico;cur;bmp;dlg;rc2;rct;bin;rgs;gif;jpg;jpeg;jpe;resx;tiff;tif;png;wav;mfcribbon-ms</Extensions>
    </Filter>
    <Filter Include="04.외부 파일">
      <UniqueIdentifier>{4FC737F1-C7A5-4376-A066-2A32D752A2FF}</UniqueIdentifier>
      <Extensions>cpp;c;cc;cxx;c++;cppm;ixx;def;odl;idl;hpj;bat;asm;asmx</Extensions>
    </Filter>
    <Filter Include="04.외부 파일\comn">
      <UniqueIdentifier>{78451723-2bdf-4717-af43-bac99962aedb}</UniqueIdentifier>
    </Filter>
    <Filter Include="04.외부 파일\grid">
      <UniqueIdentifier>{88c68fbd-361d-4dc9-8fc4-fb9fa8a1403a}</UniqueIdentifier>
    </Filter>
    <Filter Include="03.개발 파일\Base">
      <UniqueIdentifier>{54e214b3-092b-45a0-b7bf-4e74157fc8fc}</UniqueIdentifier>
    </Filter>
    <Filter Include="03.개발 파일\Luria">
      <UniqueIdentifier>{b8203c68-4c12-4af4-ad87-30f0e816bb67}</UniqueIdentifier>
    </Filter>
    <Filter Include="03.개발 파일\PLC">
      <UniqueIdentifier>{7609c2ab-43cd-4647-b4a2-88a086ed4b6c}</UniqueIdentifier>
    </Filter>
  </ItemGroup>
  <ItemGroup>
    <ClInclude Include="framework.h">
      <Filter>01.기본 파일</Filter>
    </ClInclude>
    <ClInclude Include="pch.h">
      <Filter>01.기본 파일</Filter>
    </ClInclude>
    <ClInclude Include="Resource.h">
      <Filter>01.기본 파일</Filter>
    </ClInclude>
    <ClInclude Include="targetver.h">
      <Filter>01.기본 파일</Filter>
    </ClInclude>
    <ClInclude Include="MainApp.h">
      <Filter>01.기본 파일</Filter>
    </ClInclude>
    <ClInclude Include="DlgMain.h">
      <Filter>02.메인 파일</Filter>
    </ClInclude>
    <ClInclude Include="..\..\inc\grid\CellRange.h">
      <Filter>04.외부 파일\grid</Filter>
    </ClInclude>
    <ClInclude Include="..\..\inc\grid\GridCell.h">
      <Filter>04.외부 파일\grid</Filter>
    </ClInclude>
    <ClInclude Include="..\..\inc\grid\GridCellBase.h">
      <Filter>04.외부 파일\grid</Filter>
    </ClInclude>
    <ClInclude Include="..\..\inc\grid\GridCellCheck.h">
      <Filter>04.외부 파일\grid</Filter>
    </ClInclude>
    <ClInclude Include="..\..\inc\grid\GridCellCombo.h">
      <Filter>04.외부 파일\grid</Filter>
    </ClInclude>
    <ClInclude Include="..\..\inc\grid\GridCellDateTime.h">
      <Filter>04.외부 파일\grid</Filter>
    </ClInclude>
    <ClInclude Include="..\..\inc\grid\GridCellNumeric.h">
      <Filter>04.외부 파일\grid</Filter>
    </ClInclude>
    <ClInclude Include="..\..\inc\grid\GridCtrl.h">
      <Filter>04.외부 파일\grid</Filter>
    </ClInclude>
    <ClInclude Include="..\..\inc\grid\GridDropTarget.h">
      <Filter>04.외부 파일\grid</Filter>
    </ClInclude>
    <ClInclude Include="..\..\inc\grid\GridURLCell.h">
      <Filter>04.외부 파일\grid</Filter>
    </ClInclude>
    <ClInclude Include="..\..\inc\grid\InPlaceEdit.h">
      <Filter>04.외부 파일\grid</Filter>
    </ClInclude>
    <ClInclude Include="..\..\inc\grid\MemDC.h">
      <Filter>04.외부 파일\grid</Filter>
    </ClInclude>
    <ClInclude Include="..\..\inc\grid\TitleTip.h">
      <Filter>04.외부 파일\grid</Filter>
    </ClInclude>
    <ClInclude Include="..\..\inc\comn\CpuUsage.h">
      <Filter>04.외부 파일\comn</Filter>
    </ClInclude>
    <ClInclude Include="..\..\inc\comn\MacButton.h">
      <Filter>04.외부 파일\comn</Filter>
    </ClInclude>
    <ClInclude Include="..\..\inc\comn\MacProgress.h">
      <Filter>04.외부 파일\comn</Filter>
    </ClInclude>
    <ClInclude Include="..\..\inc\comn\MyCombo.h">
      <Filter>04.외부 파일\comn</Filter>
    </ClInclude>
    <ClInclude Include="..\..\inc\comn\MyDialog.h">
      <Filter>04.외부 파일\comn</Filter>
    </ClInclude>
    <ClInclude Include="..\..\inc\comn\MyEdit.h">
      <Filter>04.외부 파일\comn</Filter>
    </ClInclude>
    <ClInclude Include="..\..\inc\comn\MyGrpBox.h">
      <Filter>04.외부 파일\comn</Filter>
    </ClInclude>
    <ClInclude Include="..\..\inc\comn\MyListBox.h">
      <Filter>04.외부 파일\comn</Filter>
    </ClInclude>
    <ClInclude Include="..\..\inc\comn\MyRich.h">
      <Filter>04.외부 파일\comn</Filter>
    </ClInclude>
    <ClInclude Include="..\..\inc\comn\MyStatic.h">
      <Filter>04.외부 파일\comn</Filter>
    </ClInclude>
    <ClInclude Include="..\..\inc\comn\MyTabCtrl.h">
      <Filter>04.외부 파일\comn</Filter>
    </ClInclude>
    <ClInclude Include="..\..\inc\comn\Picture.h">
      <Filter>04.외부 파일\comn</Filter>
    </ClInclude>
    <ClInclude Include="..\..\inc\comn\ThinThread.h">
      <Filter>04.외부 파일\comn</Filter>
    </ClInclude>
    <ClInclude Include="..\..\inc\comn\UniToChar.h">
      <Filter>04.외부 파일\comn</Filter>
    </ClInclude>
    <ClInclude Include="TrayIcon.h">
      <Filter>01.기본 파일</Filter>
    </ClInclude>
    <ClInclude Include="DlgEFEM.h">
      <Filter>03.개발 파일</Filter>
    </ClInclude>
    <ClInclude Include="DlgLogs.h">
      <Filter>03.개발 파일</Filter>
    </ClInclude>
    <ClInclude Include="DlgLuri.h">
      <Filter>03.개발 파일</Filter>
    </ClInclude>
    <ClInclude Include="DlgMC2.h">
      <Filter>03.개발 파일</Filter>
    </ClInclude>
    <ClInclude Include="DlgMoni.h">
      <Filter>03.개발 파일</Filter>
    </ClInclude>
    <ClInclude Include="DlgPlcQ.h">
      <Filter>03.개발 파일</Filter>
    </ClInclude>
    <ClInclude Include="DlgTrig.h">
      <Filter>03.개발 파일</Filter>
    </ClInclude>
    <ClInclude Include="DlgVisi.h">
      <Filter>03.개발 파일</Filter>
    </ClInclude>
    <ClInclude Include="PLC\DlgPSet.h">
      <Filter>03.개발 파일\PLC</Filter>
    </ClInclude>
    <ClInclude Include="Luria\DlgLuDP.h">
      <Filter>03.개발 파일\Luria</Filter>
    </ClInclude>
    <ClInclude Include="Luria\DlgLuEP.h">
      <Filter>03.개발 파일\Luria</Filter>
    </ClInclude>
    <ClInclude Include="Luria\DlgLuJF.h">
      <Filter>03.개발 파일\Luria</Filter>
    </ClInclude>
    <ClInclude Include="Luria\DlgLuJM.h">
      <Filter>03.개발 파일\Luria</Filter>
    </ClInclude>
    <ClInclude Include="Luria\DlgLuMC.h">
      <Filter>03.개발 파일\Luria</Filter>
    </ClInclude>
    <ClInclude Include="Luria\DlgLuPD.h">
      <Filter>03.개발 파일\Luria</Filter>
    </ClInclude>
    <ClInclude Include="Luria\DlgLuria.h">
      <Filter>03.개발 파일\Luria</Filter>
    </ClInclude>
    <ClInclude Include="..\..\inc\base\DlgChild.h">
      <Filter>03.개발 파일\Base</Filter>
    </ClInclude>
    <ClInclude Include="MainThread.h">
      <Filter>02.메인 파일</Filter>
    </ClInclude>
  </ItemGroup>
  <ItemGroup>
    <ClCompile Include="pch.cpp">
      <Filter>01.기본 파일</Filter>
    </ClCompile>
    <ClCompile Include="MainApp.cpp">
      <Filter>01.기본 파일</Filter>
    </ClCompile>
    <ClCompile Include="DlgMain.cpp">
      <Filter>02.메인 파일</Filter>
    </ClCompile>
    <ClCompile Include="..\..\inc\grid\GridCell.cpp">
      <Filter>04.외부 파일\grid</Filter>
    </ClCompile>
    <ClCompile Include="..\..\inc\grid\GridCellBase.cpp">
      <Filter>04.외부 파일\grid</Filter>
    </ClCompile>
    <ClCompile Include="..\..\inc\grid\GridCellCheck.cpp">
      <Filter>04.외부 파일\grid</Filter>
    </ClCompile>
    <ClCompile Include="..\..\inc\grid\GridCellCombo.cpp">
      <Filter>04.외부 파일\grid</Filter>
    </ClCompile>
    <ClCompile Include="..\..\inc\grid\GridCellDateTime.cpp">
      <Filter>04.외부 파일\grid</Filter>
    </ClCompile>
    <ClCompile Include="..\..\inc\grid\GridCellNumeric.cpp">
      <Filter>04.외부 파일\grid</Filter>
    </ClCompile>
    <ClCompile Include="..\..\inc\grid\GridCtrl.cpp">
      <Filter>04.외부 파일\grid</Filter>
    </ClCompile>
    <ClCompile Include="..\..\inc\grid\GridDropTarget.cpp">
      <Filter>04.외부 파일\grid</Filter>
    </ClCompile>
    <ClCompile Include="..\..\inc\grid\GridURLCell.cpp">
      <Filter>04.외부 파일\grid</Filter>
    </ClCompile>
    <ClCompile Include="..\..\inc\grid\InPlaceEdit.cpp">
      <Filter>04.외부 파일\grid</Filter>
    </ClCompile>
    <ClCompile Include="..\..\inc\grid\TitleTip.cpp">
      <Filter>04.외부 파일\grid</Filter>
    </ClCompile>
    <ClCompile Include="..\..\inc\comn\CpuUsage.cpp">
      <Filter>04.외부 파일\comn</Filter>
    </ClCompile>
    <ClCompile Include="..\..\inc\comn\MacButton.cpp">
      <Filter>04.외부 파일\comn</Filter>
    </ClCompile>
    <ClCompile Include="..\..\inc\comn\MacProgress.cpp">
      <Filter>04.외부 파일\comn</Filter>
    </ClCompile>
    <ClCompile Include="..\..\inc\comn\MyCombo.cpp">
      <Filter>04.외부 파일\comn</Filter>
    </ClCompile>
    <ClCompile Include="..\..\inc\comn\MyDialog.cpp">
      <Filter>04.외부 파일\comn</Filter>
    </ClCompile>
    <ClCompile Include="..\..\inc\comn\MyEdit.cpp">
      <Filter>04.외부 파일\comn</Filter>
    </ClCompile>
    <ClCompile Include="..\..\inc\comn\MyGrpBox.cpp">
      <Filter>04.외부 파일\comn</Filter>
    </ClCompile>
    <ClCompile Include="..\..\inc\comn\MyListBox.cpp">
      <Filter>04.외부 파일\comn</Filter>
    </ClCompile>
    <ClCompile Include="..\..\inc\comn\MyRich.cpp">
      <Filter>04.외부 파일\comn</Filter>
    </ClCompile>
    <ClCompile Include="..\..\inc\comn\MyStatic.cpp">
      <Filter>04.외부 파일\comn</Filter>
    </ClCompile>
    <ClCompile Include="..\..\inc\comn\MyTabCtrl.cpp">
      <Filter>04.외부 파일\comn</Filter>
    </ClCompile>
    <ClCompile Include="..\..\inc\comn\Picture.cpp">
      <Filter>04.외부 파일\comn</Filter>
    </ClCompile>
    <ClCompile Include="..\..\inc\comn\ThinThread.cpp">
      <Filter>04.외부 파일\comn</Filter>
    </ClCompile>
    <ClCompile Include="..\..\inc\comn\UniToChar.cpp">
      <Filter>04.외부 파일\comn</Filter>
    </ClCompile>
    <ClCompile Include="TrayIcon.cpp">
      <Filter>01.기본 파일</Filter>
    </ClCompile>
    <ClCompile Include="DlgEFEM.cpp">
      <Filter>03.개발 파일</Filter>
    </ClCompile>
    <ClCompile Include="DlgLogs.cpp">
      <Filter>03.개발 파일</Filter>
    </ClCompile>
    <ClCompile Include="DlgLuri.cpp">
      <Filter>03.개발 파일</Filter>
    </ClCompile>
    <ClCompile Include="DlgMC2.cpp">
      <Filter>03.개발 파일</Filter>
    </ClCompile>
    <ClCompile Include="DlgMoni.cpp">
      <Filter>03.개발 파일</Filter>
    </ClCompile>
    <ClCompile Include="DlgPlcQ.cpp">
      <Filter>03.개발 파일</Filter>
    </ClCompile>
    <ClCompile Include="DlgTrig.cpp">
      <Filter>03.개발 파일</Filter>
    </ClCompile>
    <ClCompile Include="DlgVisi.cpp">
      <Filter>03.개발 파일</Filter>
    </ClCompile>
    <ClCompile Include="PLC\DlgPSet.cpp">
      <Filter>03.개발 파일\PLC</Filter>
    </ClCompile>
    <ClCompile Include="Luria\DlgLuDP.cpp">
      <Filter>03.개발 파일\Luria</Filter>
    </ClCompile>
    <ClCompile Include="Luria\DlgLuEP.cpp">
      <Filter>03.개발 파일\Luria</Filter>
    </ClCompile>
    <ClCompile Include="Luria\DlgLuJF.cpp">
      <Filter>03.개발 파일\Luria</Filter>
    </ClCompile>
    <ClCompile Include="Luria\DlgLuJM.cpp">
      <Filter>03.개발 파일\Luria</Filter>
    </ClCompile>
    <ClCompile Include="Luria\DlgLuMC.cpp">
      <Filter>03.개발 파일\Luria</Filter>
    </ClCompile>
    <ClCompile Include="Luria\DlgLuPD.cpp">
      <Filter>03.개발 파일\Luria</Filter>
    </ClCompile>
    <ClCompile Include="Luria\DlgLuria.cpp">
      <Filter>03.개발 파일\Luria</Filter>
    </ClCompile>
    <ClCompile Include="..\..\inc\base\DlgChild.cpp">
      <Filter>03.개발 파일\Base</Filter>
    </ClCompile>
    <ClCompile Include="MainThread.cpp">
      <Filter>02.메인 파일</Filter>
    </ClCompile>
  </ItemGroup>
  <ItemGroup>
    <ResourceCompile Include="PEngine.rc">
      <Filter>05.자원 파일</Filter>
    </ResourceCompile>
  </ItemGroup>
  <ItemGroup>
    <None Include="res\PEngine.rc2">
      <Filter>05.자원 파일</Filter>
    </None>
  </ItemGroup>
  <ItemGroup>
    <Image Include="res\PEngine.ico">
      <Filter>05.자원 파일</Filter>
    </Image>
  </ItemGroup>
</Project>