<?xml version="1.0" encoding="utf-8"?>
<Project ToolsVersion="4.0" xmlns="http://schemas.microsoft.com/developer/msbuild/2003">
  <ItemGroup>
    <Filter Include="자원 파일">
      <UniqueIdentifier>{67DA6AB6-F800-4c08-8B7A-83BB121AAD01}</UniqueIdentifier>
      <Extensions>rc;ico;cur;bmp;dlg;rc2;rct;bin;rgs;gif;jpg;jpeg;jpe;resx;tiff;tif;png;wav;mfcribbon-ms</Extensions>
    </Filter>
    <Filter Include="내부 파일">
      <UniqueIdentifier>{4FC737F1-C7A5-4376-A066-2A32D752A2FF}</UniqueIdentifier>
      <Extensions>cpp;c;cc;cxx;c++;cppm;ixx;def;odl;idl;hpj;bat;asm;asmx</Extensions>
    </Filter>
    <Filter Include="외부 파일">
      <UniqueIdentifier>{93995380-89BD-4b04-88EB-625FBE52EBFB}</UniqueIdentifier>
      <Extensions>h;hh;hpp;hxx;h++;hm;inl;inc;ipp;xsd</Extensions>
    </Filter>
    <Filter Include="내부 파일\01.기본 파일">
      <UniqueIdentifier>{ba8d9a0c-123c-4f72-bcd7-e40253b74af3}</UniqueIdentifier>
    </Filter>
    <Filter Include="내부 파일\02.개발 파일">
      <UniqueIdentifier>{5442d7ab-eb7c-4298-8226-93a009427b67}</UniqueIdentifier>
    </Filter>
    <Filter Include="외부 파일\comn">
      <UniqueIdentifier>{74082b49-70bb-47df-ac40-42c277923198}</UniqueIdentifier>
    </Filter>
    <Filter Include="외부 파일\comm">
      <UniqueIdentifier>{6f9bd911-d715-4ba8-bf7e-0d17773b5c6a}</UniqueIdentifier>
    </Filter>
  </ItemGroup>
  <ItemGroup>
    <ClCompile Include="ItfcGFSC.cpp">
      <Filter>내부 파일</Filter>
    </ClCompile>
    <ClCompile Include="MainApp.cpp">
      <Filter>내부 파일\01.기본 파일</Filter>
    </ClCompile>
    <ClCompile Include="pch.cpp">
      <Filter>내부 파일\01.기본 파일</Filter>
    </ClCompile>
    <ClCompile Include="..\..\inc\comn\UniToChar.cpp">
      <Filter>외부 파일\comn</Filter>
    </ClCompile>
    <ClCompile Include="..\..\inc\comn\ThinThread.cpp">
      <Filter>외부 파일\comn</Filter>
    </ClCompile>
    <ClCompile Include="..\..\inc\comm\ClientThread.cpp">
      <Filter>외부 파일\comm</Filter>
    </ClCompile>
    <ClCompile Include="..\..\inc\comm\PktQue.cpp">
      <Filter>외부 파일\comm</Filter>
    </ClCompile>
    <ClCompile Include="..\..\inc\comm\RingBuff.cpp">
      <Filter>외부 파일\comm</Filter>
    </ClCompile>
    <ClCompile Include="..\..\inc\comm\TcpThread.cpp">
      <Filter>외부 파일\comm</Filter>
    </ClCompile>
    <ClCompile Include="GFSCThread.cpp">
      <Filter>내부 파일\02.개발 파일</Filter>
    </ClCompile>
  </ItemGroup>
  <ItemGroup>
    <None Include="res\ItfcGFSC.rc2">
      <Filter>자원 파일</Filter>
    </None>
  </ItemGroup>
  <ItemGroup>
    <ClInclude Include="framework.h">
      <Filter>내부 파일\01.기본 파일</Filter>
    </ClInclude>
    <ClInclude Include="MainApp.h">
      <Filter>내부 파일\01.기본 파일</Filter>
    </ClInclude>
    <ClInclude Include="pch.h">
      <Filter>내부 파일\01.기본 파일</Filter>
    </ClInclude>
    <ClInclude Include="Resource.h">
      <Filter>내부 파일\01.기본 파일</Filter>
    </ClInclude>
    <ClInclude Include="targetver.h">
      <Filter>내부 파일\01.기본 파일</Filter>
    </ClInclude>
    <ClInclude Include="..\..\inc\comn\UniToChar.h">
      <Filter>외부 파일\comn</Filter>
    </ClInclude>
    <ClInclude Include="..\..\inc\comn\ThinThread.h">
      <Filter>외부 파일\comn</Filter>
    </ClInclude>
    <ClInclude Include="..\..\inc\comm\ClientThread.h">
      <Filter>외부 파일\comm</Filter>
    </ClInclude>
    <ClInclude Include="..\..\inc\comm\PktQue.h">
      <Filter>외부 파일\comm</Filter>
    </ClInclude>
    <ClInclude Include="..\..\inc\comm\RingBuff.h">
      <Filter>외부 파일\comm</Filter>
    </ClInclude>
    <ClInclude Include="..\..\inc\comm\TcpThread.h">
      <Filter>외부 파일\comm</Filter>
    </ClInclude>
    <ClInclude Include="GFSCThread.h">
      <Filter>내부 파일\02.개발 파일</Filter>
    </ClInclude>
  </ItemGroup>
  <ItemGroup>
    <ResourceCompile Include="ItfcGFSC.rc">
      <Filter>자원 파일</Filter>
    </ResourceCompile>
  </ItemGroup>
</Project>