<?xml version="1.0" encoding="utf-8"?>
<Project ToolsVersion="4.0" xmlns="http://schemas.microsoft.com/developer/msbuild/2003">
  <ItemGroup>
    <Filter Include="자원 파일">
      <UniqueIdentifier>{67DA6AB6-F800-4c08-8B7A-83BB121AAD01}</UniqueIdentifier>
      <Extensions>rc;ico;cur;bmp;dlg;rc2;rct;bin;rgs;gif;jpg;jpeg;jpe;resx;tiff;tif;png;wav;mfcribbon-ms</Extensions>
    </Filter>
    <Filter Include="내부 파일">
      <UniqueIdentifier>{4FC737F1-C7A5-4376-A066-2A32D752A2FF}</UniqueIdentifier>
      <Extensions>cpp;c;cc;cxx;c++;cppm;ixx;def;odl;idl;hpj;bat;asm;asmx</Extensions>
    </Filter>
    <Filter Include="외부 파일">
      <UniqueIdentifier>{93995380-89BD-4b04-88EB-625FBE52EBFB}</UniqueIdentifier>
      <Extensions>h;hh;hpp;hxx;h++;hm;inl;inc;ipp;xsd</Extensions>
    </Filter>
    <Filter Include="내부 파일\01.기본 파일">
      <UniqueIdentifier>{f2f6a96e-f8cf-4936-9117-24a155979f00}</UniqueIdentifier>
    </Filter>
    <Filter Include="내부 파일\02.개발 파일">
      <UniqueIdentifier>{42eea180-1885-4715-9b40-63d6e6f257d1}</UniqueIdentifier>
    </Filter>
    <Filter Include="외부 파일\comm">
      <UniqueIdentifier>{b541f514-4e32-48f4-ba6c-379a53511ebd}</UniqueIdentifier>
    </Filter>
    <Filter Include="외부 파일\comn">
      <UniqueIdentifier>{8b1810e9-9270-48c8-a2bd-5ff33a8515fb}</UniqueIdentifier>
    </Filter>
  </ItemGroup>
  <ItemGroup>
    <ClCompile Include="pch.cpp">
      <Filter>내부 파일\01.기본 파일</Filter>
    </ClCompile>
    <ClCompile Include="MainApp.cpp">
      <Filter>내부 파일\01.기본 파일</Filter>
    </ClCompile>
    <ClCompile Include="ItfcMvenc.cpp">
      <Filter>내부 파일</Filter>
    </ClCompile>
    <ClCompile Include="MvencThread.cpp">
      <Filter>내부 파일\02.개발 파일</Filter>
    </ClCompile>
    <ClCompile Include="..\..\inc\comn\ThinThread.cpp">
      <Filter>외부 파일\comn</Filter>
    </ClCompile>
    <ClCompile Include="..\..\inc\comn\UniToChar.cpp">
      <Filter>외부 파일\comn</Filter>
    </ClCompile>
  </ItemGroup>
  <ItemGroup>
    <None Include="res\ItfcMvenc.rc2">
      <Filter>자원 파일</Filter>
    </None>
  </ItemGroup>
  <ItemGroup>
    <ClInclude Include="framework.h">
      <Filter>내부 파일\01.기본 파일</Filter>
    </ClInclude>
    <ClInclude Include="pch.h">
      <Filter>내부 파일\01.기본 파일</Filter>
    </ClInclude>
    <ClInclude Include="Resource.h">
      <Filter>내부 파일\01.기본 파일</Filter>
    </ClInclude>
    <ClInclude Include="targetver.h">
      <Filter>내부 파일\01.기본 파일</Filter>
    </ClInclude>
    <ClInclude Include="MainApp.h">
      <Filter>내부 파일\01.기본 파일</Filter>
    </ClInclude>
    <ClInclude Include="MvencThread.h">
      <Filter>내부 파일\02.개발 파일</Filter>
    </ClInclude>
    <ClInclude Include="..\..\inc\comn\ThinThread.h">
      <Filter>외부 파일\comn</Filter>
    </ClInclude>
    <ClInclude Include="..\..\inc\comn\UniToChar.h">
      <Filter>외부 파일\comn</Filter>
    </ClInclude>
    <ClInclude Include="lib\Mvsenc.h">
      <Filter>외부 파일\comm</Filter>
    </ClInclude>
    <ClInclude Include="lib\mvsencenum.h">
      <Filter>외부 파일\comm</Filter>
    </ClInclude>
  </ItemGroup>
  <ItemGroup>
    <ResourceCompile Include="ItfcMvenc.rc">
      <Filter>자원 파일</Filter>
    </ResourceCompile>
  </ItemGroup>
</Project>