<?xml version="1.0" encoding="utf-8"?>
<Project ToolsVersion="4.0" xmlns="http://schemas.microsoft.com/developer/msbuild/2003">
  <ItemGroup>
    <Filter Include="자원 파일">
      <UniqueIdentifier>{67DA6AB6-F800-4c08-8B7A-83BB121AAD01}</UniqueIdentifier>
      <Extensions>rc;ico;cur;bmp;dlg;rc2;rct;bin;rgs;gif;jpg;jpeg;jpe;resx;tiff;tif;png;wav;mfcribbon-ms</Extensions>
    </Filter>
    <Filter Include="내부 파일">
      <UniqueIdentifier>{4FC737F1-C7A5-4376-A066-2A32D752A2FF}</UniqueIdentifier>
      <Extensions>cpp;c;cc;cxx;c++;cppm;ixx;def;odl;idl;hpj;bat;asm;asmx</Extensions>
    </Filter>
    <Filter Include="외부 파일">
      <UniqueIdentifier>{93995380-89BD-4b04-88EB-625FBE52EBFB}</UniqueIdentifier>
      <Extensions>h;hh;hpp;hxx;h++;hm;inl;inc;ipp;xsd</Extensions>
    </Filter>
    <Filter Include="내부 파일\01.기본 파일">
      <UniqueIdentifier>{a47040c7-1606-48c5-9138-6c12845a4f02}</UniqueIdentifier>
    </Filter>
    <Filter Include="내부 파일\02.개발 파일">
      <UniqueIdentifier>{ed716d57-427d-477f-9f58-8aeb930e699d}</UniqueIdentifier>
    </Filter>
    <Filter Include="외부 파일\comn">
      <UniqueIdentifier>{192c8cfc-4445-4fa4-8ed9-9cca0ac51605}</UniqueIdentifier>
    </Filter>
    <Filter Include="내부 파일\02.개발 파일\data">
      <UniqueIdentifier>{d21b0668-52d5-425a-9509-599ad4e45f0f}</UniqueIdentifier>
    </Filter>
    <Filter Include="내부 파일\02.개발 파일\itfc">
      <UniqueIdentifier>{3dc2780e-e07c-4bf1-8b3c-9ab77f9a76db}</UniqueIdentifier>
    </Filter>
    <Filter Include="내부 파일\02.개발 파일\recipe">
      <UniqueIdentifier>{6550cee1-5478-412f-a8af-acf6eba2d968}</UniqueIdentifier>
    </Filter>
  </ItemGroup>
  <ItemGroup>
    <ClCompile Include="pch.cpp">
      <Filter>내부 파일\01.기본 파일</Filter>
    </ClCompile>
    <ClCompile Include="MainApp.cpp">
      <Filter>내부 파일\01.기본 파일</Filter>
    </ClCompile>
    <ClCompile Include="..\..\inc\comn\ThinThread.cpp">
      <Filter>외부 파일\comn</Filter>
    </ClCompile>
    <ClCompile Include="..\..\inc\comn\UniToChar.cpp">
      <Filter>외부 파일\comn</Filter>
    </ClCompile>
    <ClCompile Include="ItfcGEN2I.cpp">
      <Filter>내부 파일</Filter>
    </ClCompile>
    <ClCompile Include="..\..\inc\engine\EItfcMDR.cpp">
      <Filter>내부 파일\02.개발 파일\itfc</Filter>
    </ClCompile>
    <ClCompile Include="..\..\inc\engine\EItfcMPA.cpp">
      <Filter>내부 파일\02.개발 파일\itfc</Filter>
    </ClCompile>
    <ClCompile Include="..\..\inc\engine\EItfcLitho.cpp">
      <Filter>내부 파일\02.개발 파일\itfc</Filter>
    </ClCompile>
    <ClCompile Include="..\..\inc\engine\EItfcLogs.cpp">
      <Filter>내부 파일\02.개발 파일\itfc</Filter>
    </ClCompile>
    <ClCompile Include="..\..\inc\engine\EItfcLuria.cpp">
      <Filter>내부 파일\02.개발 파일\itfc</Filter>
    </ClCompile>
    <ClCompile Include="..\..\inc\engine\EItfcMC2.cpp">
      <Filter>내부 파일\02.개발 파일\itfc</Filter>
    </ClCompile>
    <ClCompile Include="..\..\inc\engine\ConfBase.cpp">
      <Filter>내부 파일\02.개발 파일\data</Filter>
    </ClCompile>
    <ClCompile Include="..\..\inc\engine\ConfGen2i.cpp">
      <Filter>내부 파일\02.개발 파일\data</Filter>
    </ClCompile>
    <ClCompile Include="..\..\inc\engine\MemGen2i.cpp">
      <Filter>내부 파일\02.개발 파일\data</Filter>
    </ClCompile>
    <ClCompile Include="..\..\inc\engine\MemMap.cpp">
      <Filter>내부 파일\02.개발 파일\data</Filter>
    </ClCompile>
    <ClCompile Include="..\..\inc\engine\EItfcMCQGen2i.cpp">
      <Filter>내부 파일\02.개발 파일\itfc</Filter>
    </ClCompile>
    <ClCompile Include="..\..\inc\engine\ConfComn.cpp">
      <Filter>내부 파일\02.개발 파일\data</Filter>
    </ClCompile>
    <ClCompile Include="..\..\inc\mesg\CodeToStr.cpp">
      <Filter>내부 파일\02.개발 파일\data</Filter>
    </ClCompile>
    <ClCompile Include="..\..\inc\engine\EItfcBSA.cpp">
      <Filter>내부 파일\02.개발 파일\itfc</Filter>
    </ClCompile>
    <ClCompile Include="..\..\inc\engine\EItfcPM100D.cpp">
      <Filter>내부 파일\02.개발 파일\itfc</Filter>
    </ClCompile>
    <ClCompile Include="..\..\inc\recipe\LedPower.cpp">
      <Filter>내부 파일\02.개발 파일\recipe</Filter>
    </ClCompile>
    <ClCompile Include="..\..\inc\engine\EItfcLedPower.cpp">
      <Filter>내부 파일\02.개발 파일\itfc</Filter>
    </ClCompile>
    <ClCompile Include="..\..\inc\recipe\Base.cpp">
      <Filter>내부 파일\02.개발 파일\recipe</Filter>
    </ClCompile>
    <ClCompile Include="..\..\inc\engine\ConfTeaching.cpp">
      <Filter>내부 파일\02.개발 파일\data</Filter>
    </ClCompile>
    <ClCompile Include="..\..\inc\engine\ConfExpoParam.cpp">
      <Filter>내부 파일\02.개발 파일\data</Filter>
    </ClCompile>
    <ClCompile Include="..\..\inc\recipe\RecipeGen2i.cpp">
      <Filter>내부 파일\02.개발 파일\recipe</Filter>
    </ClCompile>
    <ClCompile Include="..\..\inc\engine\EItfcRcpGen2i.cpp">
      <Filter>내부 파일\02.개발 파일\itfc</Filter>
    </ClCompile>
    <ClCompile Include="..\..\inc\engine\ConfTracking.cpp">
      <Filter>내부 파일\02.개발 파일\data</Filter>
    </ClCompile>
    <ClCompile Include="..\..\inc\engine\EItfcEFU.cpp">
      <Filter>내부 파일\02.개발 파일\itfc</Filter>
    </ClCompile>
  </ItemGroup>
  <ItemGroup>
    <ClInclude Include="framework.h">
      <Filter>내부 파일\01.기본 파일</Filter>
    </ClInclude>
    <ClInclude Include="MainApp.h">
      <Filter>내부 파일\01.기본 파일</Filter>
    </ClInclude>
    <ClInclude Include="pch.h">
      <Filter>내부 파일\01.기본 파일</Filter>
    </ClInclude>
    <ClInclude Include="Resource.h">
      <Filter>내부 파일\01.기본 파일</Filter>
    </ClInclude>
    <ClInclude Include="targetver.h">
      <Filter>내부 파일\01.기본 파일</Filter>
    </ClInclude>
    <ClInclude Include="..\..\inc\comn\ThinThread.h">
      <Filter>외부 파일\comn</Filter>
    </ClInclude>
    <ClInclude Include="..\..\inc\comn\UniToChar.h">
      <Filter>외부 파일\comn</Filter>
    </ClInclude>
    <ClInclude Include="..\..\inc\engine\EItfcMDR.h">
      <Filter>내부 파일\02.개발 파일\itfc</Filter>
    </ClInclude>
    <ClInclude Include="..\..\inc\engine\EItfcMPA.h">
      <Filter>내부 파일\02.개발 파일\itfc</Filter>
    </ClInclude>
    <ClInclude Include="..\..\inc\engine\EItfcLitho.h">
      <Filter>내부 파일\02.개발 파일\itfc</Filter>
    </ClInclude>
    <ClInclude Include="..\..\inc\engine\EItfcLogs.h">
      <Filter>내부 파일\02.개발 파일\itfc</Filter>
    </ClInclude>
    <ClInclude Include="..\..\inc\engine\EItfcLuria.h">
      <Filter>내부 파일\02.개발 파일\itfc</Filter>
    </ClInclude>
    <ClInclude Include="..\..\inc\engine\EItfcMC2.h">
      <Filter>내부 파일\02.개발 파일\itfc</Filter>
    </ClInclude>
    <ClInclude Include="..\..\inc\engine\ConfBase.h">
      <Filter>내부 파일\02.개발 파일\data</Filter>
    </ClInclude>
    <ClInclude Include="..\..\inc\engine\ConfGen2i.h">
      <Filter>내부 파일\02.개발 파일\data</Filter>
    </ClInclude>
    <ClInclude Include="..\..\inc\engine\MemGen2i.h">
      <Filter>내부 파일\02.개발 파일\data</Filter>
    </ClInclude>
    <ClInclude Include="..\..\inc\engine\MemMap.h">
      <Filter>내부 파일\02.개발 파일\data</Filter>
    </ClInclude>
    <ClInclude Include="..\..\inc\engine\EItfcMCQGen2i.h">
      <Filter>내부 파일\02.개발 파일\itfc</Filter>
    </ClInclude>
    <ClInclude Include="..\..\inc\engine\ConfComn.h">
      <Filter>내부 파일\02.개발 파일\data</Filter>
    </ClInclude>
    <ClInclude Include="..\..\inc\mesg\CodeToStr.h">
      <Filter>내부 파일\02.개발 파일\data</Filter>
    </ClInclude>
    <ClInclude Include="..\..\inc\engine\EItfcBSA.h">
      <Filter>내부 파일\02.개발 파일\itfc</Filter>
    </ClInclude>
    <ClInclude Include="..\..\inc\engine\EItfcPM100D.h">
      <Filter>내부 파일\02.개발 파일\itfc</Filter>
    </ClInclude>
    <ClInclude Include="..\..\inc\recipe\LedPower.h">
      <Filter>내부 파일\02.개발 파일\recipe</Filter>
    </ClInclude>
    <ClInclude Include="..\..\inc\engine\EItfcLedPower.h">
      <Filter>내부 파일\02.개발 파일\itfc</Filter>
    </ClInclude>
    <ClInclude Include="..\..\inc\recipe\Base.h">
      <Filter>내부 파일\02.개발 파일\recipe</Filter>
    </ClInclude>
    <ClInclude Include="..\..\inc\engine\ConfTeaching.h">
      <Filter>내부 파일\02.개발 파일\data</Filter>
    </ClInclude>
    <ClInclude Include="..\..\inc\engine\ConfExpoParam.h">
      <Filter>내부 파일\02.개발 파일\data</Filter>
    </ClInclude>
    <ClInclude Include="..\..\inc\recipe\RecipeGen2i.h">
      <Filter>내부 파일\02.개발 파일\recipe</Filter>
    </ClInclude>
    <ClInclude Include="..\..\inc\engine\EItfcRcpGen2i.h">
      <Filter>내부 파일\02.개발 파일\itfc</Filter>
    </ClInclude>
    <ClInclude Include="..\..\inc\engine\ConfTracking.h">
      <Filter>내부 파일\02.개발 파일\data</Filter>
    </ClInclude>
    <ClInclude Include="..\..\inc\engine\EItfcEFU.h">
      <Filter>내부 파일\02.개발 파일\itfc</Filter>
    </ClInclude>
  </ItemGroup>
  <ItemGroup>
    <ResourceCompile Include="ItfcGEN2I.rc">
      <Filter>자원 파일</Filter>
    </ResourceCompile>
  </ItemGroup>
  <ItemGroup>
    <None Include="res\ItfcGEN2I.rc2">
      <Filter>자원 파일</Filter>
    </None>
  </ItemGroup>
</Project>