
Microsoft Visual Studio Solution File, Format Version 12.00
# Visual Studio Version 16
VisualStudioVersion = 16.0.32901.82
MinimumVisualStudioVersion = 10.0.40219.1
Project("{8BC9CEB8-8B4A-11D0-8D11-00A0C91BC942}") = "ItfcMIL", "ItfcMIL.vcxproj", "{D03E2651-6DC5-4025-8B33-3439B797E5BB}"
EndProject
Global
	GlobalSection(SolutionConfigurationPlatforms) = preSolution
		Debug|x64 = Debug|x64
		Release|x64 = Release|x64
	EndGlobalSection
	GlobalSection(ProjectConfigurationPlatforms) = postSolution
		{D03E2651-6DC5-4025-8B33-3439B797E5BB}.Debug|x64.ActiveCfg = Debug|x64
		{D03E2651-6DC5-4025-8B33-3439B797E5BB}.Debug|x64.Build.0 = Debug|x64
		{D03E2651-6DC5-4025-8B33-3439B797E5BB}.Release|x64.ActiveCfg = Release|x64
		{D03E2651-6DC5-4025-8B33-3439B797E5BB}.Release|x64.Build.0 = Release|x64
	EndGlobalSection
	GlobalSection(SolutionProperties) = preSolution
		HideSolutionNode = FALSE
	EndGlobalSection
	GlobalSection(ExtensibilityGlobals) = postSolution
		SolutionGuid = {3F11042F-9EAA-47AB-8F57-4D03C85FD4D6}
	EndGlobalSection
EndGlobal
