<?xml version="1.0" encoding="utf-8"?>
<Project ToolsVersion="4.0" xmlns="http://schemas.microsoft.com/developer/msbuild/2003">
  <ItemGroup>
    <Filter Include="05.자원 파일">
      <UniqueIdentifier>{67DA6AB6-F800-4c08-8B7A-83BB121AAD01}</UniqueIdentifier>
      <Extensions>rc;ico;cur;bmp;dlg;rc2;rct;bin;rgs;gif;jpg;jpeg;jpe;resx;tiff;tif;png;wav;mfcribbon-ms</Extensions>
    </Filter>
    <Filter Include="01.기본 파일">
      <UniqueIdentifier>{4FC737F1-C7A5-4376-A066-2A32D752A2FF}</UniqueIdentifier>
      <Extensions>cpp;c;cc;cxx;c++;cppm;ixx;def;odl;idl;hpj;bat;asm;asmx</Extensions>
    </Filter>
    <Filter Include="02.메인 파일">
      <UniqueIdentifier>{93995380-89BD-4b04-88EB-625FBE52EBFB}</UniqueIdentifier>
      <Extensions>h;hh;hpp;hxx;h++;hm;inl;inc;ipp;xsd</Extensions>
    </Filter>
    <Filter Include="03.개발 파일">
      <UniqueIdentifier>{1fc35296-9170-41b0-88b5-d04cbf9f1589}</UniqueIdentifier>
    </Filter>
    <Filter Include="04.외부 파일">
      <UniqueIdentifier>{2197dcd7-e512-4268-abb4-9eaad61ab99c}</UniqueIdentifier>
    </Filter>
    <Filter Include="04.외부 파일\comn">
      <UniqueIdentifier>{bde7c7fb-7a3f-4974-b58f-0573acde2847}</UniqueIdentifier>
    </Filter>
  </ItemGroup>
  <ItemGroup>
    <ClInclude Include="framework.h">
      <Filter>01.기본 파일</Filter>
    </ClInclude>
    <ClInclude Include="pch.h">
      <Filter>01.기본 파일</Filter>
    </ClInclude>
    <ClInclude Include="Resource.h">
      <Filter>01.기본 파일</Filter>
    </ClInclude>
    <ClInclude Include="targetver.h">
      <Filter>01.기본 파일</Filter>
    </ClInclude>
    <ClInclude Include="MainApp.h">
      <Filter>01.기본 파일</Filter>
    </ClInclude>
    <ClInclude Include="DlgMain.h">
      <Filter>02.메인 파일</Filter>
    </ClInclude>
    <ClInclude Include="MainThread.h">
      <Filter>02.메인 파일</Filter>
    </ClInclude>
    <ClInclude Include="..\..\inc\comn\MyDialog.h">
      <Filter>04.외부 파일\comn</Filter>
    </ClInclude>
    <ClInclude Include="..\..\inc\comn\ThinThread.h">
      <Filter>04.외부 파일\comn</Filter>
    </ClInclude>
    <ClInclude Include="..\..\inc\comn\UniToChar.h">
      <Filter>04.외부 파일\comn</Filter>
    </ClInclude>
    <ClInclude Include="..\..\inc\comn\Picture.h">
      <Filter>04.외부 파일\comn</Filter>
    </ClInclude>
  </ItemGroup>
  <ItemGroup>
    <ClCompile Include="pch.cpp">
      <Filter>01.기본 파일</Filter>
    </ClCompile>
    <ClCompile Include="MainApp.cpp">
      <Filter>01.기본 파일</Filter>
    </ClCompile>
    <ClCompile Include="DlgMain.cpp">
      <Filter>02.메인 파일</Filter>
    </ClCompile>
    <ClCompile Include="MainThread.cpp">
      <Filter>02.메인 파일</Filter>
    </ClCompile>
    <ClCompile Include="..\..\inc\comn\MyDialog.cpp">
      <Filter>04.외부 파일\comn</Filter>
    </ClCompile>
    <ClCompile Include="..\..\inc\comn\ThinThread.cpp">
      <Filter>04.외부 파일\comn</Filter>
    </ClCompile>
    <ClCompile Include="..\..\inc\comn\UniToChar.cpp">
      <Filter>04.외부 파일\comn</Filter>
    </ClCompile>
    <ClCompile Include="..\..\inc\comn\Picture.cpp">
      <Filter>04.외부 파일\comn</Filter>
    </ClCompile>
  </ItemGroup>
  <ItemGroup>
    <ResourceCompile Include="MDR.rc">
      <Filter>05.자원 파일</Filter>
    </ResourceCompile>
  </ItemGroup>
  <ItemGroup>
    <None Include="res\MDR.rc2">
      <Filter>05.자원 파일</Filter>
    </None>
  </ItemGroup>
  <ItemGroup>
    <Image Include="res\MDR.ico">
      <Filter>05.자원 파일</Filter>
    </Image>
  </ItemGroup>
</Project>